
Microsoft Visual Studio Solution File, Format Version 12.00
# Visual Studio 15
VisualStudioVersion = 15.0.28307.572
MinimumVisualStudioVersion = 10.0.40219.1
Project("{FAE04EC0-301F-11D3-BF4B-00C04F79EFBC}") = "CatchingRaindrops", "CatchingRaindrops\CatchingRaindrops.csproj", "{4405C7F6-E1FF-49AB-8BE5-F4E64D2538DA}"
EndProject
Global
	GlobalSection(SolutionConfigurationPlatforms) = preSolution
		Debug|Any CPU = Debug|Any CPU
		Release|Any CPU = Release|Any CPU
	EndGlobalSection
	GlobalSection(ProjectConfigurationPlatforms) = postSolution
		{4405C7F6-E1FF-49AB-8BE5-F4E64D2538DA}.Debug|Any CPU.ActiveCfg = Debug|Any CPU
		{4405C7F6-E1FF-49AB-8BE5-F4E64D2538DA}.Debug|Any CPU.Build.0 = Debug|Any CPU
		{4405C7F6-E1FF-49AB-8BE5-F4E64D2538DA}.Release|Any CPU.ActiveCfg = Release|Any CPU
		{4405C7F6-E1FF-49AB-8BE5-F4E64D2538DA}.Release|Any CPU.Build.0 = Release|Any CPU
	EndGlobalSection
	GlobalSection(SolutionProperties) = preSolution
		HideSolutionNode = FALSE
	EndGlobalSection
	GlobalSection(ExtensibilityGlobals) = postSolution
		SolutionGuid = {328DE99F-DDB7-40B0-9A02-60B637D1A397}
	EndGlobalSection
EndGlobal
