
Microsoft Visual Studio Solution File, Format Version 12.00
# Visual Studio 15
VisualStudioVersion = 15.0.28307.329
MinimumVisualStudioVersion = 10.0.40219.1
Project("{FAE04EC0-301F-11D3-BF4B-00C04F79EFBC}") = "Task1", "Task1\Task1.csproj", "{326A344D-1BCA-4064-8021-FC1FBF0094F6}"
EndProject
Global
	GlobalSection(SolutionConfigurationPlatforms) = preSolution
		Debug|Any CPU = Debug|Any CPU
		Release|Any CPU = Release|Any CPU
	EndGlobalSection
	GlobalSection(ProjectConfigurationPlatforms) = postSolution
		{326A344D-1BCA-4064-8021-FC1FBF0094F6}.Debug|Any CPU.ActiveCfg = Debug|Any CPU
		{326A344D-1BCA-4064-8021-FC1FBF0094F6}.Debug|Any CPU.Build.0 = Debug|Any CPU
		{326A344D-1BCA-4064-8021-FC1FBF0094F6}.Release|Any CPU.ActiveCfg = Release|Any CPU
		{326A344D-1BCA-4064-8021-FC1FBF0094F6}.Release|Any CPU.Build.0 = Release|Any CPU
	EndGlobalSection
	GlobalSection(SolutionProperties) = preSolution
		HideSolutionNode = FALSE
	EndGlobalSection
	GlobalSection(ExtensibilityGlobals) = postSolution
		SolutionGuid = {7EC5BE07-C141-481D-BC90-F3DAC4F4DE7F}
	EndGlobalSection
EndGlobal
