
Microsoft Visual Studio Solution File, Format Version 12.00
# Visual Studio 15
VisualStudioVersion = 15.0.28307.572
MinimumVisualStudioVersion = 10.0.40219.1
Project("{FAE04EC0-301F-11D3-BF4B-00C04F79EFBC}") = "DrawingHouseOnItsOwn", "DrawingHouseOnItsOwn\DrawingHouseOnItsOwn.csproj", "{C00558DE-CE20-4FA7-842C-10B3CFD493FA}"
EndProject
Global
	GlobalSection(SolutionConfigurationPlatforms) = preSolution
		Debug|Any CPU = Debug|Any CPU
		Release|Any CPU = Release|Any CPU
	EndGlobalSection
	GlobalSection(ProjectConfigurationPlatforms) = postSolution
		{C00558DE-CE20-4FA7-842C-10B3CFD493FA}.Debug|Any CPU.ActiveCfg = Debug|Any CPU
		{C00558DE-CE20-4FA7-842C-10B3CFD493FA}.Debug|Any CPU.Build.0 = Debug|Any CPU
		{C00558DE-CE20-4FA7-842C-10B3CFD493FA}.Release|Any CPU.ActiveCfg = Release|Any CPU
		{C00558DE-CE20-4FA7-842C-10B3CFD493FA}.Release|Any CPU.Build.0 = Release|Any CPU
	EndGlobalSection
	GlobalSection(SolutionProperties) = preSolution
		HideSolutionNode = FALSE
	EndGlobalSection
	GlobalSection(ExtensibilityGlobals) = postSolution
		SolutionGuid = {1555F617-B3FB-4658-83AB-3CF32E07D1CF}
	EndGlobalSection
EndGlobal
