
Microsoft Visual Studio Solution File, Format Version 12.00
# Visual Studio 15
VisualStudioVersion = 15.0.28307.572
MinimumVisualStudioVersion = 10.0.40219.1
Project("{FAE04EC0-301F-11D3-BF4B-00C04F79EFBC}") = "DBConsoleApp", "DBConsoleApp\DBConsoleApp.csproj", "{E94288FA-F8AB-44C3-A589-2C5D311D8872}"
EndProject
Global
	GlobalSection(SolutionConfigurationPlatforms) = preSolution
		Debug|Any CPU = Debug|Any CPU
		Release|Any CPU = Release|Any CPU
	EndGlobalSection
	GlobalSection(ProjectConfigurationPlatforms) = postSolution
		{E94288FA-F8AB-44C3-A589-2C5D311D8872}.Debug|Any CPU.ActiveCfg = Debug|Any CPU
		{E94288FA-F8AB-44C3-A589-2C5D311D8872}.Debug|Any CPU.Build.0 = Debug|Any CPU
		{E94288FA-F8AB-44C3-A589-2C5D311D8872}.Release|Any CPU.ActiveCfg = Release|Any CPU
		{E94288FA-F8AB-44C3-A589-2C5D311D8872}.Release|Any CPU.Build.0 = Release|Any CPU
	EndGlobalSection
	GlobalSection(SolutionProperties) = preSolution
		HideSolutionNode = FALSE
	EndGlobalSection
	GlobalSection(ExtensibilityGlobals) = postSolution
		SolutionGuid = {496E32BA-A3C3-4A14-917B-F6DB12342660}
	EndGlobalSection
EndGlobal
