
Microsoft Visual Studio Solution File, Format Version 12.00
# Visual Studio 15
VisualStudioVersion = 15.0.28307.329
MinimumVisualStudioVersion = 10.0.40219.1
Project("{FAE04EC0-301F-11D3-BF4B-00C04F79EFBC}") = "Class", "Class\Class.csproj", "{A896BF1A-2529-461C-AB2B-40A88273B797}"
EndProject
Global
	GlobalSection(SolutionConfigurationPlatforms) = preSolution
		Debug|Any CPU = Debug|Any CPU
		Release|Any CPU = Release|Any CPU
	EndGlobalSection
	GlobalSection(ProjectConfigurationPlatforms) = postSolution
		{A896BF1A-2529-461C-AB2B-40A88273B797}.Debug|Any CPU.ActiveCfg = Debug|Any CPU
		{A896BF1A-2529-461C-AB2B-40A88273B797}.Debug|Any CPU.Build.0 = Debug|Any CPU
		{A896BF1A-2529-461C-AB2B-40A88273B797}.Release|Any CPU.ActiveCfg = Release|Any CPU
		{A896BF1A-2529-461C-AB2B-40A88273B797}.Release|Any CPU.Build.0 = Release|Any CPU
	EndGlobalSection
	GlobalSection(SolutionProperties) = preSolution
		HideSolutionNode = FALSE
	EndGlobalSection
	GlobalSection(ExtensibilityGlobals) = postSolution
		SolutionGuid = {110C9CEF-0240-4C03-BAEA-40D78EB3B978}
	EndGlobalSection
EndGlobal
