
Microsoft Visual Studio Solution File, Format Version 12.00
# Visual Studio 15
VisualStudioVersion = 15.0.28307.572
MinimumVisualStudioVersion = 10.0.40219.1
Project("{FAE04EC0-301F-11D3-BF4B-00C04F79EFBC}") = "SaveAnswerToFile", "SaveAnswerToFile\SaveAnswerToFile.csproj", "{3D8B6AD3-D1A4-4010-95A4-EBD09AF75EDF}"
EndProject
Global
	GlobalSection(SolutionConfigurationPlatforms) = preSolution
		Debug|Any CPU = Debug|Any CPU
		Release|Any CPU = Release|Any CPU
	EndGlobalSection
	GlobalSection(ProjectConfigurationPlatforms) = postSolution
		{3D8B6AD3-D1A4-4010-95A4-EBD09AF75EDF}.Debug|Any CPU.ActiveCfg = Debug|Any CPU
		{3D8B6AD3-D1A4-4010-95A4-EBD09AF75EDF}.Debug|Any CPU.Build.0 = Debug|Any CPU
		{3D8B6AD3-D1A4-4010-95A4-EBD09AF75EDF}.Release|Any CPU.ActiveCfg = Release|Any CPU
		{3D8B6AD3-D1A4-4010-95A4-EBD09AF75EDF}.Release|Any CPU.Build.0 = Release|Any CPU
	EndGlobalSection
	GlobalSection(SolutionProperties) = preSolution
		HideSolutionNode = FALSE
	EndGlobalSection
	GlobalSection(ExtensibilityGlobals) = postSolution
		SolutionGuid = {DC269B0D-67B6-4FFF-9EC4-EEEC3B36C3E6}
	EndGlobalSection
EndGlobal
