
Microsoft Visual Studio Solution File, Format Version 12.00
# Visual Studio 15
VisualStudioVersion = 15.0.28307.329
MinimumVisualStudioVersion = 10.0.40219.1
Project("{FAE04EC0-301F-11D3-BF4B-00C04F79EFBC}") = "People", "People\People.csproj", "{4E988875-D139-43E9-AEEB-EBB59209150E}"
EndProject
Global
	GlobalSection(SolutionConfigurationPlatforms) = preSolution
		Debug|Any CPU = Debug|Any CPU
		Release|Any CPU = Release|Any CPU
	EndGlobalSection
	GlobalSection(ProjectConfigurationPlatforms) = postSolution
		{4E988875-D139-43E9-AEEB-EBB59209150E}.Debug|Any CPU.ActiveCfg = Debug|Any CPU
		{4E988875-D139-43E9-AEEB-EBB59209150E}.Debug|Any CPU.Build.0 = Debug|Any CPU
		{4E988875-D139-43E9-AEEB-EBB59209150E}.Release|Any CPU.ActiveCfg = Release|Any CPU
		{4E988875-D139-43E9-AEEB-EBB59209150E}.Release|Any CPU.Build.0 = Release|Any CPU
	EndGlobalSection
	GlobalSection(SolutionProperties) = preSolution
		HideSolutionNode = FALSE
	EndGlobalSection
	GlobalSection(ExtensibilityGlobals) = postSolution
		SolutionGuid = {81900120-6E8F-486B-A957-C354776C7EAD}
	EndGlobalSection
EndGlobal
