
Microsoft Visual Studio Solution File, Format Version 12.00
# Visual Studio 15
VisualStudioVersion = 15.0.28307.572
MinimumVisualStudioVersion = 10.0.40219.1
Project("{FAE04EC0-301F-11D3-BF4B-00C04F79EFBC}") = "MovingDrawn", "MovingDrawn\MovingDrawn.csproj", "{25461DEE-608D-4C70-B7DD-143489215A28}"
EndProject
Global
	GlobalSection(SolutionConfigurationPlatforms) = preSolution
		Debug|Any CPU = Debug|Any CPU
		Release|Any CPU = Release|Any CPU
	EndGlobalSection
	GlobalSection(ProjectConfigurationPlatforms) = postSolution
		{25461DEE-608D-4C70-B7DD-143489215A28}.Debug|Any CPU.ActiveCfg = Debug|Any CPU
		{25461DEE-608D-4C70-B7DD-143489215A28}.Debug|Any CPU.Build.0 = Debug|Any CPU
		{25461DEE-608D-4C70-B7DD-143489215A28}.Release|Any CPU.ActiveCfg = Release|Any CPU
		{25461DEE-608D-4C70-B7DD-143489215A28}.Release|Any CPU.Build.0 = Release|Any CPU
	EndGlobalSection
	GlobalSection(SolutionProperties) = preSolution
		HideSolutionNode = FALSE
	EndGlobalSection
	GlobalSection(ExtensibilityGlobals) = postSolution
		SolutionGuid = {550CA054-7E22-464B-A31A-F3483ECDA873}
	EndGlobalSection
EndGlobal
